%{
  "circuits_gpio": {:hex, :circuits_gpio, "0.4.5", "4d5b0f707c425fc56f03086232259f65482a3d1f1cf15335253636d0bb846446", [:make, :mix], [{:elixir_make, "~> 0.6", [hex: :elixir_make, repo: "hexpm", optional: false]}], "hexpm", "b42d28d60a6cfdfb6b21b66ab0b8c5de0ea5a32b390b61d2fe86a2ad8edb90ad"},
  "circuits_spi": {:hex, :circuits_spi, "0.1.5", "5f1901c77fb982217a956498ba0d9d0d47cc58ec47731020621b5c95eee296c0", [:make, :mix], [{:elixir_make, "~> 0.6", [hex: :elixir_make, repo: "hexpm", optional: false]}], "hexpm", "134e1ded8e0379e3314a507e80a304cf5ba54edf294e157b7e7ecedcdca30dfd"},
  "elixir_make": {:hex, :elixir_make, "0.6.1", "8faa29a5597faba999aeeb72bbb9c91694ef8068f0131192fb199f98d32994ef", [:mix], [], "hexpm", "35d33270680f8d839a4003c3e9f43afb595310a592405a00afc12de4c7f55a18"},
  "font_metrics": {:hex, :font_metrics, "0.3.1", "025ff9957040eb4d6430c306a4445bad5d9f43ec24448c1647df7cb63b5dd88c", [:mix], [{:msgpax, "~> 2.2", [hex: :msgpax, repo: "hexpm", optional: false]}], "hexpm", "6dff6525d49d84173ce20b4cba2457b2289e83bcc2be19c2aa761dbe9f631033"},
  "gleam_stdlib": {:hex, :gleam_stdlib, "0.11.0", "9b1089739574cdf78a1c25a463d770a98f59e63a92324d17095ad67e867ee549", [:rebar3], [], "hexpm", "5508e169e20369fc8d400481d3f37ccb2cfd880509f63d6e2b6d85f939bc991b"},
  "inky": {:hex, :inky, "1.0.2", "972fb59ecb44f7595b8a331a3f1e3065a73010ee6f087f30a5b476d61d6c1db9", [:mix], [{:circuits_gpio, "~> 0.4", [hex: :circuits_gpio, repo: "hexpm", optional: false]}, {:circuits_spi, "~> 0.1", [hex: :circuits_spi, repo: "hexpm", optional: false]}], "hexpm", "1c67fb0add598c33ce7e89c01965cfcc05733ee8cc235a27233ee1c868258591"},
  "mix_gleam": {:hex, :mix_gleam, "0.1.0", "a0cee5d30de865124a32ca6cd53b64c3e2ac57f12adf6e47b88fb673f47c716e", [:mix], [], "hexpm", "9ff518e6aab444c7f2e74038f9383020ef89810cf1f4402911f33b202ffd72e7"},
  "msgpax": {:hex, :msgpax, "2.2.4", "7b3790ef684089076b63c0f08c2f4b079c6311daeb006b69e4ed2bf67518291e", [:mix], [{:plug, "~> 1.0", [hex: :plug, repo: "hexpm", optional: true]}], "hexpm", "b351b6d992d79624a8430a99d21a41b36b1b90edf84326a294e9f4a2de11f089"},
  "rpi_fb_capture": {:hex, :rpi_fb_capture, "0.3.0", "28ffa73d0bb7570f0eaffd77139ed473831778ddac8e964bed9779eabb70b16d", [:make, :mix], [{:elixir_make, "~> 0.6", [hex: :elixir_make, repo: "hexpm", optional: false]}], "hexpm", "eb68473f125bdf663d3b7d26c5c0bc1d8da7ce68e6d0e180de9ee53acbcd9232"},
  "scenic": {:hex, :scenic, "0.10.3", "34fc31702b70a56b8c62ab1717b1fe74bb3af97bc52a952e41bd1d092b01f05e", [:make, :mix], [{:elixir_make, "~> 0.6", [hex: :elixir_make, repo: "hexpm", optional: false]}, {:font_metrics, "~> 0.3", [hex: :font_metrics, repo: "hexpm", optional: false]}], "hexpm", "4db14fd1d34e9be2d5325c4fcfca6123af9c8976fb66ceb828d4ee5aaccec9be"},
  "scenic_driver_glfw": {:hex, :scenic_driver_glfw, "0.10.1", "df7a11bc1d23415dd48c7796a70a6ad98b9cf77554078d79115d6c6e58b87eda", [:make, :mix], [{:elixir_make, "~> 0.6", [hex: :elixir_make, repo: "hexpm", optional: false]}, {:scenic, "~> 0.10", [hex: :scenic, repo: "hexpm", optional: false]}], "hexpm", "d2f2ef0a1d099a6e1904616c0a95ff0fc554342cf7936e6bb73c2d7027e7557e"},
  "scenic_driver_inky": {:hex, :scenic_driver_inky, "1.0.0", "320131912311f1837a4f010ab79a1348ffcd870e576c8a6d232b4feb688a343c", [:mix], [{:inky, "~> 1.0.0", [hex: :inky, repo: "hexpm", optional: false]}, {:rpi_fb_capture, "~> 0.1", [hex: :rpi_fb_capture, repo: "hexpm", optional: false]}, {:scenic, "~> 0.9", [hex: :scenic, repo: "hexpm", optional: false]}, {:scenic_driver_nerves_rpi, "~> 0.9", [hex: :scenic_driver_nerves_rpi, repo: "hexpm", optional: false]}], "hexpm", "df6bc66f70bab50c01b2bdc89f539dab8e053cfc00ed0be13f652d9fe83ba14c"},
  "scenic_driver_nerves_rpi": {:hex, :scenic_driver_nerves_rpi, "0.10.1", "1479d24b9e91e989eef28d6bc6be6cb864e7a60cfb831bef53ead6a37b1502ac", [:make, :mix], [{:elixir_make, "~> 0.6", [hex: :elixir_make, repo: "hexpm", optional: false]}, {:scenic, "~> 0.10", [hex: :scenic, repo: "hexpm", optional: false]}], "hexpm", "4a3995b3eb4a246fa9e1f282b56885a1f2bc41a6bf57bd98ce10437365f6fa35"},
}
